
Microsoft Visual Studio Solution File, Format Version 12.00
# Visual Studio Version 17
VisualStudioVersion = 17.9.34723.18
MinimumVisualStudioVersion = 10.0.40219.1
Project("{FAE04EC0-301F-11D3-BF4B-00C04F79EFBC}") = "Assignment3OOP", "Assignment3OOP\Assignment3OOP.csproj", "{E6FFD0D9-A5A6-456E-99F9-95FF921C39BC}"
EndProject
Global
	GlobalSection(SolutionConfigurationPlatforms) = preSolution
		Debug|Any CPU = Debug|Any CPU
		Release|Any CPU = Release|Any CPU
	EndGlobalSection
	GlobalSection(ProjectConfigurationPlatforms) = postSolution
		{E6FFD0D9-A5A6-456E-99F9-95FF921C39BC}.Debug|Any CPU.ActiveCfg = Debug|Any CPU
		{E6FFD0D9-A5A6-456E-99F9-95FF921C39BC}.Debug|Any CPU.Build.0 = Debug|Any CPU
		{E6FFD0D9-A5A6-456E-99F9-95FF921C39BC}.Release|Any CPU.ActiveCfg = Release|Any CPU
		{E6FFD0D9-A5A6-456E-99F9-95FF921C39BC}.Release|Any CPU.Build.0 = Release|Any CPU
	EndGlobalSection
	GlobalSection(SolutionProperties) = preSolution
		HideSolutionNode = FALSE
	EndGlobalSection
	GlobalSection(ExtensibilityGlobals) = postSolution
		SolutionGuid = {70B8C38A-8A90-419B-BF55-2981EFF95B22}
	EndGlobalSection
EndGlobal
